Microsoft Visual Studio Solution File, Format Version 12.00
# Visual Studio Version 17
VisualStudioVersion = 17.0.31903.59
MinimumVisualStudioVersion = 10.0.40219.1
Project("{9A19103F-16F7-4668-BE54-9A1E7A4F7556}") = "YTMTaskbarWidget", "src\YTMTaskbarWidget\YTMTaskbarWidget.csproj", "{7B3C1A2E-4D5F-4A6B-9C8D-1E2F3A4B5C6D}"
EndProject
Project("{2150E333-8FDC-42A3-9474-1A3956D46DE8}") = "src", "src", "{42376BF5-B51B-4063-A6CC-17C03F717619}"
EndProject
Project("{FAE04EC0-301F-11D3-BF4B-00C04F79EFBC}") = "YTMTaskbarWidget.Tests", "src\YTMTaskbarWidget.Tests\YTMTaskbarWidget.Tests.csproj", "{8A5CC6D7-6006-4F7D-9E77-22A88D93A27E}"
EndProject
Global
	GlobalSection(SolutionConfigurationPlatforms) = preSolution
		Debug|Any CPU = Debug|Any CPU
		Release|Any CPU = Release|Any CPU
	EndGlobalSection
	GlobalSection(ProjectConfigurationPlatforms) = postSolution
		{7B3C1A2E-4D5F-4A6B-9C8D-1E2F3A4B5C6D}.Debug|Any CPU.ActiveCfg = Debug|Any CPU
		{7B3C1A2E-4D5F-4A6B-9C8D-1E2F3A4B5C6D}.Debug|Any CPU.Build.0 = Debug|Any CPU
		{7B3C1A2E-4D5F-4A6B-9C8D-1E2F3A4B5C6D}.Release|Any CPU.ActiveCfg = Release|Any CPU
		{7B3C1A2E-4D5F-4A6B-9C8D-1E2F3A4B5C6D}.Release|Any CPU.Build.0 = Release|Any CPU
		{8A5CC6D7-6006-4F7D-9E77-22A88D93A27E}.Debug|Any CPU.ActiveCfg = Debug|Any CPU
		{8A5CC6D7-6006-4F7D-9E77-22A88D93A27E}.Debug|Any CPU.Build.0 = Debug|Any CPU
		{8A5CC6D7-6006-4F7D-9E77-22A88D93A27E}.Release|Any CPU.ActiveCfg = Release|Any CPU
		{8A5CC6D7-6006-4F7D-9E77-22A88D93A27E}.Release|Any CPU.Build.0 = Release|Any CPU
	EndGlobalSection
	GlobalSection(NestedProjects) = preSolution
		{8A5CC6D7-6006-4F7D-9E77-22A88D93A27E} = {42376BF5-B51B-4063-A6CC-17C03F717619}
	EndGlobalSection
EndGlobal
